{
	"name": "eva",
	"version": "0.0.1",
	"lockfileVersion": 3,
	"requires": true,
	"packages": {
		"": {
			"name": "eva",
			"version": "0.0.1",
			"dependencies": {
				"cli-progress": "^3.12.0",
				"p-limit": "^6.2.0"
			},
			"devDependencies": {
				"@types/cli-progress": "^3.11.6"
			}
		},
		"node_modules/@types/cli-progress": {
			"version": "3.11.6",
			"resolved": "https://registry.npmjs.org/@types/cli-progress/-/cli-progress-3.11.6.tgz",
			"integrity": "sha512-cE3+jb9WRlu+uOSAugewNpITJDt1VF8dHOopPO4IABFc3SXYL5WE/+PTz/FCdZRRfIujiWW3n3aMbv1eIGVRWA==",
			"dev": true,
			"license": "MIT",
			"dependencies": {
				"@types/node": "*"
			}
		},
		"node_modules/@types/node": {
			"version": "24.1.0",
			"resolved": "https://registry.npmjs.org/@types/node/-/node-24.1.0.tgz",
			"integrity": "sha512-ut5FthK5moxFKH2T1CUOC6ctR67rQRvvHdFLCD2Ql6KXmMuCrjsSsRI9UsLCm9M18BMwClv4pn327UvB7eeO1w==",
			"dev": true,
			"license": "MIT",
			"dependencies": {
				"undici-types": "~7.8.0"
			}
		},
		"node_modules/ansi-regex": {
			"version": "5.0.1",
			"license": "MIT",
			"engines": {
				"node": ">=8"
			}
		},
		"node_modules/cli-progress": {
			"version": "3.12.0",
			"license": "MIT",
			"dependencies": {
				"string-width": "^4.2.3"
			},
			"engines": {
				"node": ">=4"
			}
		},
		"node_modules/emoji-regex": {
			"version": "8.0.0",
			"license": "MIT"
		},
		"node_modules/is-fullwidth-code-point": {
			"version": "3.0.0",
			"license": "MIT",
			"engines": {
				"node": ">=8"
			}
		},
		"node_modules/p-limit": {
			"version": "6.2.0",
			"license": "MIT",
			"dependencies": {
				"yocto-queue": "^1.1.1"
			},
			"engines": {
				"node": ">=18"
			},
			"funding": {
				"url": "https://github.com/sponsors/sindresorhus"
			}
		},
		"node_modules/string-width": {
			"version": "4.2.3",
			"license": "MIT",
			"dependencies": {
				"emoji-regex": "^8.0.0",
				"is-fullwidth-code-point": "^3.0.0",
				"strip-ansi": "^6.0.1"
			},
			"engines": {
				"node": ">=8"
			}
		},
		"node_modules/strip-ansi": {
			"version": "6.0.1",
			"license": "MIT",
			"dependencies": {
				"ansi-regex": "^5.0.1"
			},
			"engines": {
				"node": ">=8"
			}
		},
		"node_modules/undici-types": {
			"version": "7.8.0",
			"resolved": "https://registry.npmjs.org/undici-types/-/undici-types-7.8.0.tgz",
			"integrity": "sha512-9UJ2xGDvQ43tYyVMpuHlsgApydB8ZKfVYTsLDhXkFL/6gfkp+U8xTGdh8pMJv1SpZna0zxG1DwsKZsreLbXBxw==",
			"dev": true,
			"license": "MIT"
		},
		"node_modules/yocto-queue": {
			"version": "1.2.1",
			"license": "MIT",
			"engines": {
				"node": ">=12.20"
			},
			"funding": {
				"url": "https://github.com/sponsors/sindresorhus"
			}
		}
	}
}
